
Microsoft Visual Studio Solution File, Format Version 11.00
# Visual Studio 2010
Project("{8BC9CEB8-8B4A-11D0-8D11-00A0C91BC942}") = "Task6.3", "Task6.3\Task6.3.vcxproj", "{76534C3F-0618-497F-8318-222796A613FC}"
EndProject
Global
	GlobalSection(SolutionConfigurationPlatforms) = preSolution
		Debug|Win32 = Debug|Win32
		Release|Win32 = Release|Win32
	EndGlobalSection
	GlobalSection(ProjectConfigurationPlatforms) = postSolution
		{76534C3F-0618-497F-8318-222796A613FC}.Debug|Win32.ActiveCfg = Debug|Win32
		{76534C3F-0618-497F-8318-222796A613FC}.Debug|Win32.Build.0 = Debug|Win32
		{76534C3F-0618-497F-8318-222796A613FC}.Release|Win32.ActiveCfg = Release|Win32
		{76534C3F-0618-497F-8318-222796A613FC}.Release|Win32.Build.0 = Release|Win32
	EndGlobalSection
	GlobalSection(SolutionProperties) = preSolution
		HideSolutionNode = FALSE
	EndGlobalSection
EndGlobal
