
Microsoft Visual Studio Solution File, Format Version 11.00
# Visual Studio 2010
Project("{F2A71F9B-5D33-465A-A702-920D77279786}") = "Task3.1", "Task3.1\Task3.1.fsproj", "{7549934C-6136-4A71-987E-FC4BFDF34CF5}"
EndProject
Global
	GlobalSection(SolutionConfigurationPlatforms) = preSolution
		Debug|x86 = Debug|x86
		Release|x86 = Release|x86
	EndGlobalSection
	GlobalSection(ProjectConfigurationPlatforms) = postSolution
		{7549934C-6136-4A71-987E-FC4BFDF34CF5}.Debug|x86.ActiveCfg = Debug|x86
		{7549934C-6136-4A71-987E-FC4BFDF34CF5}.Debug|x86.Build.0 = Debug|x86
		{7549934C-6136-4A71-987E-FC4BFDF34CF5}.Release|x86.ActiveCfg = Release|x86
		{7549934C-6136-4A71-987E-FC4BFDF34CF5}.Release|x86.Build.0 = Release|x86
	EndGlobalSection
	GlobalSection(SolutionProperties) = preSolution
		HideSolutionNode = FALSE
	EndGlobalSection
EndGlobal
