
Microsoft Visual Studio Solution File, Format Version 11.00
# Visual Studio 2010
Project("{8BC9CEB8-8B4A-11D0-8D11-00A0C91BC942}") = "Task11.2", "Task11.2\Task11.2.vcxproj", "{7298F9FA-0097-4F19-A8C4-22463DF30C2A}"
EndProject
Global
	GlobalSection(SolutionConfigurationPlatforms) = preSolution
		Debug|Win32 = Debug|Win32
		Release|Win32 = Release|Win32
	EndGlobalSection
	GlobalSection(ProjectConfigurationPlatforms) = postSolution
		{7298F9FA-0097-4F19-A8C4-22463DF30C2A}.Debug|Win32.ActiveCfg = Debug|Win32
		{7298F9FA-0097-4F19-A8C4-22463DF30C2A}.Debug|Win32.Build.0 = Debug|Win32
		{7298F9FA-0097-4F19-A8C4-22463DF30C2A}.Release|Win32.ActiveCfg = Release|Win32
		{7298F9FA-0097-4F19-A8C4-22463DF30C2A}.Release|Win32.Build.0 = Release|Win32
	EndGlobalSection
	GlobalSection(SolutionProperties) = preSolution
		HideSolutionNode = FALSE
	EndGlobalSection
EndGlobal
