
Microsoft Visual Studio Solution File, Format Version 11.00
# Visual Studio 2010
Project("{8BC9CEB8-8B4A-11D0-8D11-00A0C91BC942}") = "Task11.1r", "Task11.1r\Task11.1r.vcxproj", "{D831E3EB-78F5-4676-A47E-60726D5C0673}"
EndProject
Global
	GlobalSection(SolutionConfigurationPlatforms) = preSolution
		Debug|Win32 = Debug|Win32
		Release|Win32 = Release|Win32
	EndGlobalSection
	GlobalSection(ProjectConfigurationPlatforms) = postSolution
		{D831E3EB-78F5-4676-A47E-60726D5C0673}.Debug|Win32.ActiveCfg = Debug|Win32
		{D831E3EB-78F5-4676-A47E-60726D5C0673}.Debug|Win32.Build.0 = Debug|Win32
		{D831E3EB-78F5-4676-A47E-60726D5C0673}.Release|Win32.ActiveCfg = Release|Win32
		{D831E3EB-78F5-4676-A47E-60726D5C0673}.Release|Win32.Build.0 = Release|Win32
	EndGlobalSection
	GlobalSection(SolutionProperties) = preSolution
		HideSolutionNode = FALSE
	EndGlobalSection
EndGlobal
