
Microsoft Visual Studio Solution File, Format Version 11.00
# Visual Studio 2010
Project("{F2A71F9B-5D33-465A-A702-920D77279786}") = "Task2", "Task2\Task2.fsproj", "{9B3EA747-0D47-429A-81A3-B5D7395117C3}"
EndProject
Global
	GlobalSection(SolutionConfigurationPlatforms) = preSolution
		Debug|x86 = Debug|x86
		Release|x86 = Release|x86
	EndGlobalSection
	GlobalSection(ProjectConfigurationPlatforms) = postSolution
		{9B3EA747-0D47-429A-81A3-B5D7395117C3}.Debug|x86.ActiveCfg = Debug|x86
		{9B3EA747-0D47-429A-81A3-B5D7395117C3}.Debug|x86.Build.0 = Debug|x86
		{9B3EA747-0D47-429A-81A3-B5D7395117C3}.Release|x86.ActiveCfg = Release|x86
		{9B3EA747-0D47-429A-81A3-B5D7395117C3}.Release|x86.Build.0 = Release|x86
	EndGlobalSection
	GlobalSection(SolutionProperties) = preSolution
		HideSolutionNode = FALSE
	EndGlobalSection
EndGlobal
