
Microsoft Visual Studio Solution File, Format Version 11.00
# Visual Studio 2010
Project("{F2A71F9B-5D33-465A-A702-920D77279786}") = "Task3.2", "Task3.2\Task3.2.fsproj", "{C60F79CF-9FA1-4243-90B6-244C2386B4D4}"
EndProject
Global
	GlobalSection(SolutionConfigurationPlatforms) = preSolution
		Debug|x86 = Debug|x86
		Release|x86 = Release|x86
	EndGlobalSection
	GlobalSection(ProjectConfigurationPlatforms) = postSolution
		{C60F79CF-9FA1-4243-90B6-244C2386B4D4}.Debug|x86.ActiveCfg = Debug|x86
		{C60F79CF-9FA1-4243-90B6-244C2386B4D4}.Debug|x86.Build.0 = Debug|x86
		{C60F79CF-9FA1-4243-90B6-244C2386B4D4}.Release|x86.ActiveCfg = Release|x86
		{C60F79CF-9FA1-4243-90B6-244C2386B4D4}.Release|x86.Build.0 = Release|x86
	EndGlobalSection
	GlobalSection(SolutionProperties) = preSolution
		HideSolutionNode = FALSE
	EndGlobalSection
EndGlobal
