
Microsoft Visual Studio Solution File, Format Version 11.00
# Visual Studio 2010
Project("{F2A71F9B-5D33-465A-A702-920D77279786}") = "Task4.1", "Task4.1\Task4.1.fsproj", "{E4C86285-D367-4265-AE7D-76A789A6B8D2}"
EndProject
Global
	GlobalSection(SolutionConfigurationPlatforms) = preSolution
		Debug|x86 = Debug|x86
		Release|x86 = Release|x86
	EndGlobalSection
	GlobalSection(ProjectConfigurationPlatforms) = postSolution
		{E4C86285-D367-4265-AE7D-76A789A6B8D2}.Debug|x86.ActiveCfg = Debug|x86
		{E4C86285-D367-4265-AE7D-76A789A6B8D2}.Debug|x86.Build.0 = Debug|x86
		{E4C86285-D367-4265-AE7D-76A789A6B8D2}.Release|x86.ActiveCfg = Release|x86
		{E4C86285-D367-4265-AE7D-76A789A6B8D2}.Release|x86.Build.0 = Release|x86
	EndGlobalSection
	GlobalSection(SolutionProperties) = preSolution
		HideSolutionNode = FALSE
	EndGlobalSection
EndGlobal
